org.slf4j:slf4j-simple:jar:1.7.28
org.apache.kafka:kafka-streams:jar:2.4.0
org.apache.kafka:kafka-clients:jar:2.4.0
com.github.luben:zstd-jni:jar:1.4.3-1
org.lz4:lz4-java:jar:1.6.0
org.xerial.snappy:snappy-java:jar:1.1.7.3
org.apache.kafka:connect-json:jar:2.4.0
org.apache.kafka:connect-api:jar:2.4.0
javax.ws.rs:javax.ws.rs-api:jar:2.1.1
com.fasterxml.jackson.core:jackson-databind:jar:2.10.0
com.fasterxml.jackson.core:jackson-annotations:jar:2.10.0
com.fasterxml.jackson.core:jackson-core:jar:2.10.0
com.fasterxml.jackson.datatype:jackson-datatype-jdk8:jar:2.10.0
org.slf4j:slf4j-api:jar:1.7.28
org.rocksdb:rocksdbjni:jar:5.18.3
